
Microsoft Visual Studio Solution File, Format Version 12.00
# Visual Studio Version 17
VisualStudioVersion = 17.0.32112.339
MinimumVisualStudioVersion = 10.0.40219.1
Project("{FAE04EC0-301F-11D3-BF4B-00C04F79EFBC}") = "KafeTekno.UI", "KafeTekno.UI\KafeTekno.UI.csproj", "{6B4C6C7A-529B-41A3-9E6D-5830690B012D}"
EndProject
Project("{FAE04EC0-301F-11D3-BF4B-00C04F79EFBC}") = "KafeTekno.DATA", "KafeTekno.DATA\KafeTekno.DATA.csproj", "{76DD2D97-F2FE-419E-A9B3-90233A555F3E}"
EndProject
Global
	GlobalSection(SolutionConfigurationPlatforms) = preSolution
		Debug|Any CPU = Debug|Any CPU
		Release|Any CPU = Release|Any CPU
	EndGlobalSection
	GlobalSection(ProjectConfigurationPlatforms) = postSolution
		{6B4C6C7A-529B-41A3-9E6D-5830690B012D}.Debug|Any CPU.ActiveCfg = Debug|Any CPU
		{6B4C6C7A-529B-41A3-9E6D-5830690B012D}.Debug|Any CPU.Build.0 = Debug|Any CPU
		{6B4C6C7A-529B-41A3-9E6D-5830690B012D}.Release|Any CPU.ActiveCfg = Release|Any CPU
		{6B4C6C7A-529B-41A3-9E6D-5830690B012D}.Release|Any CPU.Build.0 = Release|Any CPU
		{76DD2D97-F2FE-419E-A9B3-90233A555F3E}.Debug|Any CPU.ActiveCfg = Debug|Any CPU
		{76DD2D97-F2FE-419E-A9B3-90233A555F3E}.Debug|Any CPU.Build.0 = Debug|Any CPU
		{76DD2D97-F2FE-419E-A9B3-90233A555F3E}.Release|Any CPU.ActiveCfg = Release|Any CPU
		{76DD2D97-F2FE-419E-A9B3-90233A555F3E}.Release|Any CPU.Build.0 = Release|Any CPU
	EndGlobalSection
	GlobalSection(SolutionProperties) = preSolution
		HideSolutionNode = FALSE
	EndGlobalSection
	GlobalSection(ExtensibilityGlobals) = postSolution
		SolutionGuid = {7F3189A9-B269-4B45-9AB5-6DF6D3D483B5}
	EndGlobalSection
EndGlobal
